{
  "nodes": {
    "emacs-overlay": {
      "inputs": {
        "nixpkgs": [
          "nixpkgs"
        ],
        "nixpkgs-stable": "nixpkgs-stable"
      },
      "locked": {
        "lastModified": 1769448145,
        "narHash": "sha256-499V3+SiDzp+Vkwo2Osp1AkstlWeDc3KzfOn+xoiu6Y=",
        "owner": "nix-community",
        "repo": "emacs-overlay",
        "rev": "2d2050b17743f564ffed290602e7816614a0dbdd",
        "type": "github"
      },
      "original": {
        "owner": "nix-community",
        "repo": "emacs-overlay",
        "type": "github"
      }
    },
    "flake-utils": {
      "inputs": {
        "systems": "systems"
      },
      "locked": {
        "lastModified": 1731533236,
        "narHash": "sha256-l0KFg5HjrsfsO/JpG+r7fRrqm12kzFHyUHqHCVpMMbI=",
        "owner": "numtide",
        "repo": "flake-utils",
        "rev": "11707dc2f618dd54ca8739b309ec4fc024de578b",
        "type": "github"
      },
      "original": {
        "owner": "numtide",
        "repo": "flake-utils",
        "type": "github"
      }
    },
    "flake-utils_2": {
      "inputs": {
        "systems": "systems_2"
      },
      "locked": {
        "lastModified": 1731533236,
        "narHash": "sha256-l0KFg5HjrsfsO/JpG+r7fRrqm12kzFHyUHqHCVpMMbI=",
        "owner": "numtide",
        "repo": "flake-utils",
        "rev": "11707dc2f618dd54ca8739b309ec4fc024de578b",
        "type": "github"
      },
      "original": {
        "owner": "numtide",
        "repo": "flake-utils",
        "type": "github"
      }
    },
    "git-sync-rs": {
      "inputs": {
        "flake-utils": "flake-utils_2",
        "nixpkgs": [
          "nixpkgs"
        ],
        "rust-overlay": "rust-overlay"
      },
      "locked": {
        "lastModified": 1769370203,
        "narHash": "sha256-J52a10KE7GrR4EZjZiKdOOOeSe2uJiCYmUz1nVqC+Ec=",
        "owner": "colonelpanic8",
        "repo": "git-sync-rs",
        "rev": "a0a68207460cc8ffed6b0f7a3045d5c4cae826c9",
        "type": "github"
      },
      "original": {
        "owner": "colonelpanic8",
        "repo": "git-sync-rs",
        "type": "github"
      }
    },
    "mova": {
      "flake": false,
      "locked": {
        "lastModified": 1782241650,
        "narHash": "sha256-Azf0cU6G9Jlp03M+niGRSfWWe5Are6zzLpsIj/5U2hM=",
        "owner": "colonelpanic8",
        "repo": "mova",
        "rev": "3745ce99c9f625272620b9bc9ef86a625ca6c9a2",
        "type": "github"
      },
      "original": {
        "owner": "colonelpanic8",
        "repo": "mova",
        "type": "github"
      }
    },
    "nixpkgs": {
      "locked": {
        "lastModified": 1744536153,
        "narHash": "sha256-awS2zRgF4uTwrOKwwiJcByDzDOdo3Q1rPZbiHQg/N38=",
        "owner": "NixOS",
        "repo": "nixpkgs",
        "rev": "18dd725c29603f582cf1900e0d25f9f1063dbf11",
        "type": "github"
      },
      "original": {
        "owner": "NixOS",
        "ref": "nixpkgs-unstable",
        "repo": "nixpkgs",
        "type": "github"
      }
    },
    "nixpkgs-stable": {
      "locked": {
        "lastModified": 1767313136,
        "narHash": "sha256-16KkgfdYqjaeRGBaYsNrhPRRENs0qzkQVUooNHtoy2w=",
        "owner": "NixOS",
        "repo": "nixpkgs",
        "rev": "ac62194c3917d5f474c1a844b6fd6da2db95077d",
        "type": "github"
      },
      "original": {
        "owner": "NixOS",
        "ref": "nixos-25.05",
        "repo": "nixpkgs",
        "type": "github"
      }
    },
    "nixpkgs_2": {
      "locked": {
        "lastModified": 1769170682,
        "narHash": "sha256-oMmN1lVQU0F0W2k6OI3bgdzp2YOHWYUAw79qzDSjenU=",
        "owner": "NixOS",
        "repo": "nixpkgs",
        "rev": "c5296fdd05cfa2c187990dd909864da9658df755",
        "type": "github"
      },
      "original": {
        "owner": "NixOS",
        "ref": "nixos-unstable",
        "repo": "nixpkgs",
        "type": "github"
      }
    },
    "org-project-capture": {
      "flake": false,
      "locked": {
        "lastModified": 1768723645,
        "narHash": "sha256-W/Y825QZ3WsUK+Kvio138W/6vS4hQ9xPqy2MZRpYfYM=",
        "owner": "colonelpanic8",
        "repo": "org-project-capture",
        "rev": "4303dd869b0d638bd09014702803cde50f4e7fed",
        "type": "github"
      },
      "original": {
        "owner": "colonelpanic8",
        "repo": "org-project-capture",
        "type": "github"
      }
    },
    "org-wild-notifier": {
      "flake": false,
      "locked": {
        "lastModified": 1769492021,
        "narHash": "sha256-1CWB61A9yAFZLcwylShXh7/cM5EDyTsBPZd/XOLAGEY=",
        "owner": "emacsorphanage",
        "repo": "org-wild-notifier",
        "rev": "9211d14128a1097f78081dd7f8ba849671604575",
        "type": "github"
      },
      "original": {
        "owner": "emacsorphanage",
        "repo": "org-wild-notifier",
        "type": "github"
      }
    },
    "org-window-habit": {
      "flake": false,
      "locked": {
        "lastModified": 1770158019,
        "narHash": "sha256-Gu2FFyUvowDwqnM4Tsrcgkx2RFX/DsegXwkvhywb6so=",
        "owner": "colonelpanic8",
        "repo": "org-window-habit",
        "rev": "22f74d132057767bef9eca48326a7b5fab11456d",
        "type": "github"
      },
      "original": {
        "owner": "colonelpanic8",
        "repo": "org-window-habit",
        "type": "github"
      }
    },
    "root": {
      "inputs": {
        "emacs-overlay": "emacs-overlay",
        "flake-utils": "flake-utils",
        "git-sync-rs": "git-sync-rs",
        "mova": "mova",
        "nixpkgs": "nixpkgs_2",
        "org-project-capture": "org-project-capture",
        "org-wild-notifier": "org-wild-notifier",
        "org-window-habit": "org-window-habit"
      }
    },
    "rust-overlay": {
      "inputs": {
        "nixpkgs": "nixpkgs"
      },
      "locked": {
        "lastModified": 1755311859,
        "narHash": "sha256-NspGtm0ZpihxlFD628pvh5ZEhL/Q6/Z9XBpe3n6ZtEw=",
        "owner": "oxalica",
        "repo": "rust-overlay",
        "rev": "07619500e5937cc4669f24fec355d18a8fec0165",
        "type": "github"
      },
      "original": {
        "owner": "oxalica",
        "repo": "rust-overlay",
        "type": "github"
      }
    },
    "systems": {
      "locked": {
        "lastModified": 1681028828,
        "narHash": "sha256-Vy1rq5AaRuLzOxct8nz4T6wlgyUR7zLU309k9mBC768=",
        "owner": "nix-systems",
        "repo": "default",
        "rev": "da67096a3b9bf56a91d16901293e51ba5b49a27e",
        "type": "github"
      },
      "original": {
        "owner": "nix-systems",
        "repo": "default",
        "type": "github"
      }
    },
    "systems_2": {
      "locked": {
        "lastModified": 1681028828,
        "narHash": "sha256-Vy1rq5AaRuLzOxct8nz4T6wlgyUR7zLU309k9mBC768=",
        "owner": "nix-systems",
        "repo": "default",
        "rev": "da67096a3b9bf56a91d16901293e51ba5b49a27e",
        "type": "github"
      },
      "original": {
        "owner": "nix-systems",
        "repo": "default",
        "type": "github"
      }
    }
  },
  "root": "root",
  "version": 7
}
